
Microsoft Visual Studio Solution File, Format Version 12.00
# Visual Studio Version 16
VisualStudioVersion = 16.0.30621.155
MinimumVisualStudioVersion = 10.0.40219.1
Project("{FAE04EC0-301F-11D3-BF4B-00C04F79EFBC}") = "PAIN_WPF", "PAIN_WPF.csproj", "{42F50D0A-EB2E-46EB-8B71-AB8A95E25EC8}"
EndProject
Global
	GlobalSection(SolutionConfigurationPlatforms) = preSolution
		Debug|Any CPU = Debug|Any CPU
		Release|Any CPU = Release|Any CPU
	EndGlobalSection
	GlobalSection(ProjectConfigurationPlatforms) = postSolution
		{42F50D0A-EB2E-46EB-8B71-AB8A95E25EC8}.Debug|Any CPU.ActiveCfg = Debug|Any CPU
		{42F50D0A-EB2E-46EB-8B71-AB8A95E25EC8}.Debug|Any CPU.Build.0 = Debug|Any CPU
		{42F50D0A-EB2E-46EB-8B71-AB8A95E25EC8}.Release|Any CPU.ActiveCfg = Release|Any CPU
		{42F50D0A-EB2E-46EB-8B71-AB8A95E25EC8}.Release|Any CPU.Build.0 = Release|Any CPU
	EndGlobalSection
	GlobalSection(SolutionProperties) = preSolution
		HideSolutionNode = FALSE
	EndGlobalSection
	GlobalSection(ExtensibilityGlobals) = postSolution
		SolutionGuid = {A8AF223C-CE10-44A2-B455-2E7D86815DCE}
	EndGlobalSection
EndGlobal
